
Microsoft Visual Studio Solution File, Format Version 12.00
# Visual Studio Version 16
VisualStudioVersion = 16.0.33214.272
MinimumVisualStudioVersion = 10.0.40219.1
Project("{9A19103F-16F7-4668-BE54-9A1E7A4F7556}") = "CustomerApplication", "CustomerApplication\CustomerApplication.csproj", "{7BF19966-D589-4533-87F8-FD9E98885E67}"
EndProject
Project("{FAE04EC0-301F-11D3-BF4B-00C04F79EFBC}") = "CustomerApplicationTest", "CustomerApplicationTest\CustomerApplicationTest.csproj", "{34E4CDBC-0016-43F0-AE24-21B4AB54A958}"
EndProject
Global
	GlobalSection(SolutionConfigurationPlatforms) = preSolution
		Debug|Any CPU = Debug|Any CPU
		Release|Any CPU = Release|Any CPU
	EndGlobalSection
	GlobalSection(ProjectConfigurationPlatforms) = postSolution
		{7BF19966-D589-4533-87F8-FD9E98885E67}.Debug|Any CPU.ActiveCfg = Debug|Any CPU
		{7BF19966-D589-4533-87F8-FD9E98885E67}.Debug|Any CPU.Build.0 = Debug|Any CPU
		{7BF19966-D589-4533-87F8-FD9E98885E67}.Release|Any CPU.ActiveCfg = Release|Any CPU
		{7BF19966-D589-4533-87F8-FD9E98885E67}.Release|Any CPU.Build.0 = Release|Any CPU
		{34E4CDBC-0016-43F0-AE24-21B4AB54A958}.Debug|Any CPU.ActiveCfg = Debug|Any CPU
		{34E4CDBC-0016-43F0-AE24-21B4AB54A958}.Debug|Any CPU.Build.0 = Debug|Any CPU
		{34E4CDBC-0016-43F0-AE24-21B4AB54A958}.Release|Any CPU.ActiveCfg = Release|Any CPU
		{34E4CDBC-0016-43F0-AE24-21B4AB54A958}.Release|Any CPU.Build.0 = Release|Any CPU
	EndGlobalSection
	GlobalSection(SolutionProperties) = preSolution
		HideSolutionNode = FALSE
	EndGlobalSection
	GlobalSection(ExtensibilityGlobals) = postSolution
		SolutionGuid = {F4C822E2-5C84-42B4-9590-21C6093EF57D}
	EndGlobalSection
EndGlobal
